
Microsoft Visual Studio Solution File, Format Version 12.00
# Visual Studio Version 16
VisualStudioVersion = 16.0.30309.148
MinimumVisualStudioVersion = 10.0.40219.1
Project("{9A19103F-16F7-4668-BE54-9A1E7A4F7556}") = "spacesettlers", "spacesettlers.csproj", "{90BE4F9B-958C-4942-B29C-4643D102F0AB}"
EndProject
Global
	GlobalSection(SolutionConfigurationPlatforms) = preSolution
		Debug|Any CPU = Debug|Any CPU
		Debug|x64 = Debug|x64
		Release|Any CPU = Release|Any CPU
		Release|x64 = Release|x64
	EndGlobalSection
	GlobalSection(ProjectConfigurationPlatforms) = postSolution
		{90BE4F9B-958C-4942-B29C-4643D102F0AB}.Debug|Any CPU.ActiveCfg = Debug|Any CPU
		{90BE4F9B-958C-4942-B29C-4643D102F0AB}.Debug|Any CPU.Build.0 = Debug|Any CPU
		{90BE4F9B-958C-4942-B29C-4643D102F0AB}.Debug|x64.ActiveCfg = Debug|x64
		{90BE4F9B-958C-4942-B29C-4643D102F0AB}.Debug|x64.Build.0 = Debug|x64
		{90BE4F9B-958C-4942-B29C-4643D102F0AB}.Release|Any CPU.ActiveCfg = Release|Any CPU
		{90BE4F9B-958C-4942-B29C-4643D102F0AB}.Release|Any CPU.Build.0 = Release|Any CPU
		{90BE4F9B-958C-4942-B29C-4643D102F0AB}.Release|x64.ActiveCfg = Release|x64
		{90BE4F9B-958C-4942-B29C-4643D102F0AB}.Release|x64.Build.0 = Release|x64
	EndGlobalSection
	GlobalSection(SolutionProperties) = preSolution
		HideSolutionNode = FALSE
	EndGlobalSection
	GlobalSection(ExtensibilityGlobals) = postSolution
		SolutionGuid = {7F5D9B59-7CD1-4D65-8153-7F62636F9733}
	EndGlobalSection
EndGlobal
